
Microsoft Visual Studio Solution File, Format Version 12.00
# Visual Studio Version 16
VisualStudioVersion = 16.0.30523.141
MinimumVisualStudioVersion = 10.0.40219.1
Project("{FAE04EC0-301F-11D3-BF4B-00C04F79EFBC}") = "EjercicioBasico11", "EjercicioBasico11.csproj", "{E7FB232A-35B6-4020-831C-73D45AB05922}"
EndProject
Global
	GlobalSection(SolutionConfigurationPlatforms) = preSolution
		Debug|Any CPU = Debug|Any CPU
		Release|Any CPU = Release|Any CPU
	EndGlobalSection
	GlobalSection(ProjectConfigurationPlatforms) = postSolution
		{E7FB232A-35B6-4020-831C-73D45AB05922}.Debug|Any CPU.ActiveCfg = Debug|Any CPU
		{E7FB232A-35B6-4020-831C-73D45AB05922}.Debug|Any CPU.Build.0 = Debug|Any CPU
		{E7FB232A-35B6-4020-831C-73D45AB05922}.Release|Any CPU.ActiveCfg = Release|Any CPU
		{E7FB232A-35B6-4020-831C-73D45AB05922}.Release|Any CPU.Build.0 = Release|Any CPU
	EndGlobalSection
	GlobalSection(SolutionProperties) = preSolution
		HideSolutionNode = FALSE
	EndGlobalSection
	GlobalSection(ExtensibilityGlobals) = postSolution
		SolutionGuid = {C3BD2333-07C9-4A97-A75D-D94261E3A05E}
	EndGlobalSection
EndGlobal
